
Microsoft Visual Studio Solution File, Format Version 12.00
# Visual Studio Version 17
VisualStudioVersion = 17.9.34616.47
MinimumVisualStudioVersion = 10.0.40219.1
Project("{FAE04EC0-301F-11D3-BF4B-00C04F79EFBC}") = "DZ_31.03.2024_Passport", "DZ_31.03.2024_Passport\DZ_31.03.2024_Passport.csproj", "{90C72A6C-375D-43EF-9B47-B4FD4748FB51}"
EndProject
Global
	GlobalSection(SolutionConfigurationPlatforms) = preSolution
		Debug|Any CPU = Debug|Any CPU
		Release|Any CPU = Release|Any CPU
	EndGlobalSection
	GlobalSection(ProjectConfigurationPlatforms) = postSolution
		{90C72A6C-375D-43EF-9B47-B4FD4748FB51}.Debug|Any CPU.ActiveCfg = Debug|Any CPU
		{90C72A6C-375D-43EF-9B47-B4FD4748FB51}.Debug|Any CPU.Build.0 = Debug|Any CPU
		{90C72A6C-375D-43EF-9B47-B4FD4748FB51}.Release|Any CPU.ActiveCfg = Release|Any CPU
		{90C72A6C-375D-43EF-9B47-B4FD4748FB51}.Release|Any CPU.Build.0 = Release|Any CPU
	EndGlobalSection
	GlobalSection(SolutionProperties) = preSolution
		HideSolutionNode = FALSE
	EndGlobalSection
	GlobalSection(ExtensibilityGlobals) = postSolution
		SolutionGuid = {B34311B7-B23E-4FE6-9615-CC71A4070641}
	EndGlobalSection
EndGlobal
